// !$*UTF8*$!
{
	archiveVersion = 1;
	classes = {
	};
	objectVersion = 50;
	objects = {

/* Begin PBXBuildFile section */
		61005AD225B80FF200D4784E /* AppDelegate.swift in Sources */ = {isa = PBXBuildFile; fileRef = 61005AD125B80FF200D4784E /* AppDelegate.swift */; };
		61005AD625B80FF200D4784E /* DetailViewController.swift in Sources */ = {isa = PBXBuildFile; fileRef = 61005AD525B80FF200D4784E /* DetailViewController.swift */; };
		61005AD925B80FF200D4784E /* Main.storyboard in Resources */ = {isa = PBXBuildFile; fileRef = 61005AD725B80FF200D4784E /* Main.storyboard */; };
		61005ADB25B80FF400D4784E /* Assets.xcassets in Resources */ = {isa = PBXBuildFile; fileRef = 61005ADA25B80FF400D4784E /* Assets.xcassets */; };
		61005ADE25B80FF400D4784E /* LaunchScreen.storyboard in Resources */ = {isa = PBXBuildFile; fileRef = 61005ADC25B80FF400D4784E /* LaunchScreen.storyboard */; };
		61005AE925B80FF400D4784E /* omdbMovieChallengeTests.swift in Sources */ = {isa = PBXBuildFile; fileRef = 61005AE825B80FF400D4784E /* omdbMovieChallengeTests.swift */; };
		61005AF425B80FF400D4784E /* omdbMovieChallengeUITests.swift in Sources */ = {isa = PBXBuildFile; fileRef = 61005AF325B80FF400D4784E /* omdbMovieChallengeUITests.swift */; };
		61005B0825B8141500D4784E /* MovieTableViewController.swift in Sources */ = {isa = PBXBuildFile; fileRef = 61005B0725B8141500D4784E /* MovieTableViewController.swift */; };
		61005B1B25B8282400D4784E /* MovieTableViewCell.xib in Resources */ = {isa = PBXBuildFile; fileRef = 61005B1A25B8282400D4784E /* MovieTableViewCell.xib */; };
		61005B2025B8285F00D4784E /* MovieTableViewCell.swift in Sources */ = {isa = PBXBuildFile; fileRef = 61005B1F25B8285F00D4784E /* MovieTableViewCell.swift */; };
		61005B2E25B838F400D4784E /* MovieModel.swift in Sources */ = {isa = PBXBuildFile; fileRef = 61005B2D25B838F400D4784E /* MovieModel.swift */; };
		61005B3725B83CBE00D4784E /* NetworkServices.swift in Sources */ = {isa = PBXBuildFile; fileRef = 61005B3625B83CBE00D4784E /* NetworkServices.swift */; };
		61005B4025B8416F00D4784E /* NetworkServices+OMDBAPI.swift in Sources */ = {isa = PBXBuildFile; fileRef = 61005B3F25B8416F00D4784E /* NetworkServices+OMDBAPI.swift */; };
		61005B4A25B8446100D4784E /* OMDBAPIServices.swift in Sources */ = {isa = PBXBuildFile; fileRef = 61005B4925B8446100D4784E /* OMDBAPIServices.swift */; };
		61005B6325B85FA200D4784E /* MovieModel+Stub.swift in Sources */ = {isa = PBXBuildFile; fileRef = 61005B6225B85FA200D4784E /* MovieModel+Stub.swift */; };
		61005B6925B863DB00D4784E /* MoviesList.json in Resources */ = {isa = PBXBuildFile; fileRef = 61005B6825B863DB00D4784E /* MoviesList.json */; };
		61005B6E25B8641100D4784E /* SingleMovie.json in Resources */ = {isa = PBXBuildFile; fileRef = 61005B6D25B8641100D4784E /* SingleMovie.json */; };
/* End PBXBuildFile section */

/* Begin PBXContainerItemProxy section */
		61005AE525B80FF400D4784E /* PBXContainerItemProxy */ = {
			isa = PBXContainerItemProxy;
			containerPortal = 61005AC625B80FF200D4784E /* Project object */;
			proxyType = 1;
			remoteGlobalIDString = 61005ACD25B80FF200D4784E;
			remoteInfo = omdbMovieChallenge;
		};
		61005AF025B80FF400D4784E /* PBXContainerItemProxy */ = {
			isa = PBXContainerItemProxy;
			containerPortal = 61005AC625B80FF200D4784E /* Project object */;
			proxyType = 1;
			remoteGlobalIDString = 61005ACD25B80FF200D4784E;
			remoteInfo = omdbMovieChallenge;
		};
/* End PBXContainerItemProxy section */

/* Begin PBXFileReference section */
		61005ACE25B80FF200D4784E /* omdbMovieChallenge.app */ = {isa = PBXFileReference; explicitFileType = wrapper.application; includeInIndex = 0; path = omdbMovieChallenge.app; sourceTree = BUILT_PRODUCTS_DIR; };
		61005AD125B80FF200D4784E /* AppDelegate.swift */ = {isa = PBXFileReference; lastKnownFileType = sourcecode.swift; path = AppDelegate.swift; sourceTree = "<group>"; };
		61005AD525B80FF200D4784E /* DetailViewController.swift */ = {isa = PBXFileReference; lastKnownFileType = sourcecode.swift; path = DetailViewController.swift; sourceTree = "<group>"; };
		61005AD825B80FF200D4784E /* Base */ = {isa = PBXFileReference; lastKnownFileType = file.storyboard; name = Base; path = Base.lproj/Main.storyboard; sourceTree = "<group>"; };
		61005ADA25B80FF400D4784E /* Assets.xcassets */ = {isa = PBXFileReference; lastKnownFileType = folder.assetcatalog; path = Assets.xcassets; sourceTree = "<group>"; };
		61005ADD25B80FF400D4784E /* Base */ = {isa = PBXFileReference; lastKnownFileType = file.storyboard; name = Base; path = Base.lproj/LaunchScreen.storyboard; sourceTree = "<group>"; };
		61005ADF25B80FF400D4784E /* Info.plist */ = {isa = PBXFileReference; lastKnownFileType = text.plist.xml; path = Info.plist; sourceTree = "<group>"; };
		61005AE425B80FF400D4784E /* omdbMovieChallengeTests.xctest */ = {isa = PBXFileReference; explicitFileType = wrapper.cfbundle; includeInIndex = 0; path = omdbMovieChallengeTests.xctest; sourceTree = BUILT_PRODUCTS_DIR; };
		61005AE825B80FF400D4784E /* omdbMovieChallengeTests.swift */ = {isa = PBXFileReference; lastKnownFileType = sourcecode.swift; path = omdbMovieChallengeTests.swift; sourceTree = "<group>"; };
		61005AEA25B80FF400D4784E /* Info.plist */ = {isa = PBXFileReference; lastKnownFileType = text.plist.xml; path = Info.plist; sourceTree = "<group>"; };
		61005AEF25B80FF400D4784E /* omdbMovieChallengeUITests.xctest */ = {isa = PBXFileReference; explicitFileType = wrapper.cfbundle; includeInIndex = 0; path = omdbMovieChallengeUITests.xctest; sourceTree = BUILT_PRODUCTS_DIR; };
		61005AF325B80FF400D4784E /* omdbMovieChallengeUITests.swift */ = {isa = PBXFileReference; lastKnownFileType = sourcecode.swift; path = omdbMovieChallengeUITests.swift; sourceTree = "<group>"; };
		61005AF525B80FF400D4784E /* Info.plist */ = {isa = PBXFileReference; lastKnownFileType = text.plist.xml; path = Info.plist; sourceTree = "<group>"; };
		61005B0725B8141500D4784E /* MovieTableViewController.swift */ = {isa = PBXFileReference; lastKnownFileType = sourcecode.swift; path = MovieTableViewController.swift; sourceTree = "<group>"; };
		61005B1A25B8282400D4784E /* MovieTableViewCell.xib */ = {isa = PBXFileReference; lastKnownFileType = file.xib; path = MovieTableViewCell.xib; sourceTree = "<group>"; };
		61005B1F25B8285F00D4784E /* MovieTableViewCell.swift */ = {isa = PBXFileReference; lastKnownFileType = sourcecode.swift; path = MovieTableViewCell.swift; sourceTree = "<group>"; };
		61005B2D25B838F400D4784E /* MovieModel.swift */ = {isa = PBXFileReference; lastKnownFileType = sourcecode.swift; path = MovieModel.swift; sourceTree = "<group>"; };
		61005B3625B83CBE00D4784E /* NetworkServices.swift */ = {isa = PBXFileReference; lastKnownFileType = sourcecode.swift; path = NetworkServices.swift; sourceTree = "<group>"; };
		61005B3F25B8416F00D4784E /* NetworkServices+OMDBAPI.swift */ = {isa = PBXFileReference; lastKnownFileType = sourcecode.swift; path = "NetworkServices+OMDBAPI.swift"; sourceTree = "<group>"; };
		61005B4925B8446100D4784E /* OMDBAPIServices.swift */ = {isa = PBXFileReference; lastKnownFileType = sourcecode.swift; path = OMDBAPIServices.swift; sourceTree = "<group>"; };
		61005B6225B85FA200D4784E /* MovieModel+Stub.swift */ = {isa = PBXFileReference; lastKnownFileType = sourcecode.swift; path = "MovieModel+Stub.swift"; sourceTree = "<group>"; };
		61005B6825B863DB00D4784E /* MoviesList.json */ = {isa = PBXFileReference; lastKnownFileType = text.json; path = MoviesList.json; sourceTree = "<group>"; };
		61005B6D25B8641100D4784E /* SingleMovie.json */ = {isa = PBXFileReference; lastKnownFileType = text.json; path = SingleMovie.json; sourceTree = "<group>"; };
/* End PBXFileReference section */

/* Begin PBXFrameworksBuildPhase section */
		61005ACB25B80FF200D4784E /* Frameworks */ = {
			isa = PBXFrameworksBuildPhase;
			buildActionMask = 2147483647;
			files = (
			);
			runOnlyForDeploymentPostprocessing = 0;
		};
		61005AE125B80FF400D4784E /* Frameworks */ = {
			isa = PBXFrameworksBuildPhase;
			buildActionMask = 2147483647;
			files = (
			);
			runOnlyForDeploymentPostprocessing = 0;
		};
		61005AEC25B80FF400D4784E /* Frameworks */ = {
			isa = PBXFrameworksBuildPhase;
			buildActionMask = 2147483647;
			files = (
			);
			runOnlyForDeploymentPostprocessing = 0;
		};
/* End PBXFrameworksBuildPhase section */

/* Begin PBXGroup section */
		61005AC525B80FF200D4784E = {
			isa = PBXGroup;
			children = (
				61005AD025B80FF200D4784E /* omdbMovieChallenge */,
				61005AE725B80FF400D4784E /* omdbMovieChallengeTests */,
				61005AF225B80FF400D4784E /* omdbMovieChallengeUITests */,
				61005ACF25B80FF200D4784E /* Products */,
			);
			sourceTree = "<group>";
		};
		61005ACF25B80FF200D4784E /* Products */ = {
			isa = PBXGroup;
			children = (
				61005ACE25B80FF200D4784E /* omdbMovieChallenge.app */,
				61005AE425B80FF400D4784E /* omdbMovieChallengeTests.xctest */,
				61005AEF25B80FF400D4784E /* omdbMovieChallengeUITests.xctest */,
			);
			name = Products;
			sourceTree = "<group>";
		};
		61005AD025B80FF200D4784E /* omdbMovieChallenge */ = {
			isa = PBXGroup;
			children = (
				61005AD125B80FF200D4784E /* AppDelegate.swift */,
				61005B0C25B8184900D4784E /* ViewControllers */,
				61005B5125B8535800D4784E /* User Interface Elements */,
				61005B3225B838FF00D4784E /* Models */,
				61005B3B25B83CC400D4784E /* Services */,
				61005B6725B863A100D4784E /* Data */,
				61005ADA25B80FF400D4784E /* Assets.xcassets */,
				61005ADF25B80FF400D4784E /* Info.plist */,
			);
			path = omdbMovieChallenge;
			sourceTree = "<group>";
		};
		61005AE725B80FF400D4784E /* omdbMovieChallengeTests */ = {
			isa = PBXGroup;
			children = (
				61005AE825B80FF400D4784E /* omdbMovieChallengeTests.swift */,
				61005AEA25B80FF400D4784E /* Info.plist */,
			);
			path = omdbMovieChallengeTests;
			sourceTree = "<group>";
		};
		61005AF225B80FF400D4784E /* omdbMovieChallengeUITests */ = {
			isa = PBXGroup;
			children = (
				61005AF325B80FF400D4784E /* omdbMovieChallengeUITests.swift */,
				61005AF525B80FF400D4784E /* Info.plist */,
			);
			path = omdbMovieChallengeUITests;
			sourceTree = "<group>";
		};
		61005B0C25B8184900D4784E /* ViewControllers */ = {
			isa = PBXGroup;
			children = (
				61005B0725B8141500D4784E /* MovieTableViewController.swift */,
				61005AD525B80FF200D4784E /* DetailViewController.swift */,
			);
			path = ViewControllers;
			sourceTree = "<group>";
		};
		61005B3225B838FF00D4784E /* Models */ = {
			isa = PBXGroup;
			children = (
				61005B2D25B838F400D4784E /* MovieModel.swift */,
				61005B6225B85FA200D4784E /* MovieModel+Stub.swift */,
			);
			path = Models;
			sourceTree = "<group>";
		};
		61005B3B25B83CC400D4784E /* Services */ = {
			isa = PBXGroup;
			children = (
				61005B3625B83CBE00D4784E /* NetworkServices.swift */,
				61005B3F25B8416F00D4784E /* NetworkServices+OMDBAPI.swift */,
				61005B4925B8446100D4784E /* OMDBAPIServices.swift */,
			);
			path = Services;
			sourceTree = "<group>";
		};
		61005B5125B8535800D4784E /* User Interface Elements */ = {
			isa = PBXGroup;
			children = (
				61005B5525B8536700D4784E /* Xibs and Storyboards */,
				61005B1F25B8285F00D4784E /* MovieTableViewCell.swift */,
			);
			path = "User Interface Elements";
			sourceTree = "<group>";
		};
		61005B5525B8536700D4784E /* Xibs and Storyboards */ = {
			isa = PBXGroup;
			children = (
				61005B1A25B8282400D4784E /* MovieTableViewCell.xib */,
				61005AD725B80FF200D4784E /* Main.storyboard */,
				61005ADC25B80FF400D4784E /* LaunchScreen.storyboard */,
			);
			path = "Xibs and Storyboards";
			sourceTree = "<group>";
		};
		61005B6725B863A100D4784E /* Data */ = {
			isa = PBXGroup;
			children = (
				61005B6825B863DB00D4784E /* MoviesList.json */,
				61005B6D25B8641100D4784E /* SingleMovie.json */,
			);
			path = Data;
			sourceTree = "<group>";
		};
/* End PBXGroup section */

/* Begin PBXNativeTarget section */
		61005ACD25B80FF200D4784E /* omdbMovieChallenge */ = {
			isa = PBXNativeTarget;
			buildConfigurationList = 61005AF825B80FF400D4784E /* Build configuration list for PBXNativeTarget "omdbMovieChallenge" */;
			buildPhases = (
				61005ACA25B80FF200D4784E /* Sources */,
				61005ACB25B80FF200D4784E /* Frameworks */,
				61005ACC25B80FF200D4784E /* Resources */,
			);
			buildRules = (
			);
			dependencies = (
			);
			name = omdbMovieChallenge;
			productName = omdbMovieChallenge;
			productReference = 61005ACE25B80FF200D4784E /* omdbMovieChallenge.app */;
			productType = "com.apple.product-type.application";
		};
		61005AE325B80FF400D4784E /* omdbMovieChallengeTests */ = {
			isa = PBXNativeTarget;
			buildConfigurationList = 61005AFB25B80FF400D4784E /* Build configuration list for PBXNativeTarget "omdbMovieChallengeTests" */;
			buildPhases = (
				61005AE025B80FF400D4784E /* Sources */,
				61005AE125B80FF400D4784E /* Frameworks */,
				61005AE225B80FF400D4784E /* Resources */,
			);
			buildRules = (
			);
			dependencies = (
				61005AE625B80FF400D4784E /* PBXTargetDependency */,
			);
			name = omdbMovieChallengeTests;
			productName = omdbMovieChallengeTests;
			productReference = 61005AE425B80FF400D4784E /* omdbMovieChallengeTests.xctest */;
			productType = "com.apple.product-type.bundle.unit-test";
		};
		61005AEE25B80FF400D4784E /* omdbMovieChallengeUITests */ = {
			isa = PBXNativeTarget;
			buildConfigurationList = 61005AFE25B80FF400D4784E /* Build configuration list for PBXNativeTarget "omdbMovieChallengeUITests" */;
			buildPhases = (
				61005AEB25B80FF400D4784E /* Sources */,
				61005AEC25B80FF400D4784E /* Frameworks */,
				61005AED25B80FF400D4784E /* Resources */,
			);
			buildRules = (
			);
			dependencies = (
				61005AF125B80FF400D4784E /* PBXTargetDependency */,
			);
			name = omdbMovieChallengeUITests;
			productName = omdbMovieChallengeUITests;
			productReference = 61005AEF25B80FF400D4784E /* omdbMovieChallengeUITests.xctest */;
			productType = "com.apple.product-type.bundle.ui-testing";
		};
/* End PBXNativeTarget section */

/* Begin PBXProject section */
		61005AC625B80FF200D4784E /* Project object */ = {
			isa = PBXProject;
			attributes = {
				LastSwiftUpdateCheck = 1220;
				LastUpgradeCheck = 1220;
				TargetAttributes = {
					61005ACD25B80FF200D4784E = {
						CreatedOnToolsVersion = 12.2;
					};
					61005AE325B80FF400D4784E = {
						CreatedOnToolsVersion = 12.2;
						TestTargetID = 61005ACD25B80FF200D4784E;
					};
					61005AEE25B80FF400D4784E = {
						CreatedOnToolsVersion = 12.2;
						TestTargetID = 61005ACD25B80FF200D4784E;
					};
				};
			};
			buildConfigurationList = 61005AC925B80FF200D4784E /* Build configuration list for PBXProject "omdbMovieChallenge" */;
			compatibilityVersion = "Xcode 9.3";
			developmentRegion = en;
			hasScannedForEncodings = 0;
			knownRegions = (
				en,
				Base,
			);
			mainGroup = 61005AC525B80FF200D4784E;
			productRefGroup = 61005ACF25B80FF200D4784E /* Products */;
			projectDirPath = "";
			projectRoot = "";
			targets = (
				61005ACD25B80FF200D4784E /* omdbMovieChallenge */,
				61005AE325B80FF400D4784E /* omdbMovieChallengeTests */,
				61005AEE25B80FF400D4784E /* omdbMovieChallengeUITests */,
			);
		};
/* End PBXProject section */

/* Begin PBXResourcesBuildPhase section */
		61005ACC25B80FF200D4784E /* Resources */ = {
			isa = PBXResourcesBuildPhase;
			buildActionMask = 2147483647;
			files = (
				61005ADE25B80FF400D4784E /* LaunchScreen.storyboard in Resources */,
				61005B1B25B8282400D4784E /* MovieTableViewCell.xib in Resources */,
				61005B6925B863DB00D4784E /* MoviesList.json in Resources */,
				61005ADB25B80FF400D4784E /* Assets.xcassets in Resources */,
				61005B6E25B8641100D4784E /* SingleMovie.json in Resources */,
				61005AD925B80FF200D4784E /* Main.storyboard in Resources */,
			);
			runOnlyForDeploymentPostprocessing = 0;
		};
		61005AE225B80FF400D4784E /* Resources */ = {
			isa = PBXResourcesBuildPhase;
			buildActionMask = 2147483647;
			files = (
			);
			runOnlyForDeploymentPostprocessing = 0;
		};
		61005AED25B80FF400D4784E /* Resources */ = {
			isa = PBXResourcesBuildPhase;
			buildActionMask = 2147483647;
			files = (
			);
			runOnlyForDeploymentPostprocessing = 0;
		};
/* End PBXResourcesBuildPhase section */

/* Begin PBXSourcesBuildPhase section */
		61005ACA25B80FF200D4784E /* Sources */ = {
			isa = PBXSourcesBuildPhase;
			buildActionMask = 2147483647;
			files = (
				61005B2E25B838F400D4784E /* MovieModel.swift in Sources */,
				61005B6325B85FA200D4784E /* MovieModel+Stub.swift in Sources */,
				61005B0825B8141500D4784E /* MovieTableViewController.swift in Sources */,
				61005B2025B8285F00D4784E /* MovieTableViewCell.swift in Sources */,
				61005AD625B80FF200D4784E /* DetailViewController.swift in Sources */,
				61005B3725B83CBE00D4784E /* NetworkServices.swift in Sources */,
				61005AD225B80FF200D4784E /* AppDelegate.swift in Sources */,
				61005B4A25B8446100D4784E /* OMDBAPIServices.swift in Sources */,
				61005B4025B8416F00D4784E /* NetworkServices+OMDBAPI.swift in Sources */,
			);
			runOnlyForDeploymentPostprocessing = 0;
		};
		61005AE025B80FF400D4784E /* Sources */ = {
			isa = PBXSourcesBuildPhase;
			buildActionMask = 2147483647;
			files = (
				61005AE925B80FF400D4784E /* omdbMovieChallengeTests.swift in Sources */,
			);
			runOnlyForDeploymentPostprocessing = 0;
		};
		61005AEB25B80FF400D4784E /* Sources */ = {
			isa = PBXSourcesBuildPhase;
			buildActionMask = 2147483647;
			files = (
				61005AF425B80FF400D4784E /* omdbMovieChallengeUITests.swift in Sources */,
			);
			runOnlyForDeploymentPostprocessing = 0;
		};
/* End PBXSourcesBuildPhase section */

/* Begin PBXTargetDependency section */
		61005AE625B80FF400D4784E /* PBXTargetDependency */ = {
			isa = PBXTargetDependency;
			target = 61005ACD25B80FF200D4784E /* omdbMovieChallenge */;
			targetProxy = 61005AE525B80FF400D4784E /* PBXContainerItemProxy */;
		};
		61005AF125B80FF400D4784E /* PBXTargetDependency */ = {
			isa = PBXTargetDependency;
			target = 61005ACD25B80FF200D4784E /* omdbMovieChallenge */;
			targetProxy = 61005AF025B80FF400D4784E /* PBXContainerItemProxy */;
		};
/* End PBXTargetDependency section */

/* Begin PBXVariantGroup section */
		61005AD725B80FF200D4784E /* Main.storyboard */ = {
			isa = PBXVariantGroup;
			children = (
				61005AD825B80FF200D4784E /* Base */,
			);
			name = Main.storyboard;
			sourceTree = "<group>";
		};
		61005ADC25B80FF400D4784E /* LaunchScreen.storyboard */ = {
			isa = PBXVariantGroup;
			children = (
				61005ADD25B80FF400D4784E /* Base */,
			);
			name = LaunchScreen.storyboard;
			sourceTree = "<group>";
		};
/* End PBXVariantGroup section */

/* Begin XCBuildConfiguration section */
		61005AF625B80FF400D4784E /* Debug */ = {
			isa = XCBuildConfiguration;
			buildSettings = {
				ALWAYS_SEARCH_USER_PATHS = NO;
				CLANG_ANALYZER_NONNULL = YES;
				CLANG_ANALYZER_NUMBER_OBJECT_CONVERSION = YES_AGGRESSIVE;
				CLANG_CXX_LANGUAGE_STANDARD = "gnu++14";
				CLANG_CXX_LIBRARY = "libc++";
				CLANG_ENABLE_MODULES = YES;
				CLANG_ENABLE_OBJC_ARC = YES;
				CLANG_ENABLE_OBJC_WEAK = YES;
				CLANG_WARN_BLOCK_CAPTURE_AUTORELEASING = YES;
				CLANG_WARN_BOOL_CONVERSION = YES;
				CLANG_WARN_COMMA = YES;
				CLANG_WARN_CONSTANT_CONVERSION = YES;
				CLANG_WARN_DEPRECATED_OBJC_IMPLEMENTATIONS = YES;
				CLANG_WARN_DIRECT_OBJC_ISA_USAGE = YES_ERROR;
				CLANG_WARN_DOCUMENTATION_COMMENTS = YES;
				CLANG_WARN_EMPTY_BODY = YES;
				CLANG_WARN_ENUM_CONVERSION = YES;
				CLANG_WARN_INFINITE_RECURSION = YES;
				CLANG_WARN_INT_CONVERSION = YES;
				CLANG_WARN_NON_LITERAL_NULL_CONVERSION = YES;
				CLANG_WARN_OBJC_IMPLICIT_RETAIN_SELF = YES;
				CLANG_WARN_OBJC_LITERAL_CONVERSION = YES;
				CLANG_WARN_OBJC_ROOT_CLASS = YES_ERROR;
				CLANG_WARN_QUOTED_INCLUDE_IN_FRAMEWORK_HEADER = YES;
				CLANG_WARN_RANGE_LOOP_ANALYSIS = YES;
				CLANG_WARN_STRICT_PROTOTYPES = YES;
				CLANG_WARN_SUSPICIOUS_MOVE = YES;
				CLANG_WARN_UNGUARDED_AVAILABILITY = YES_AGGRESSIVE;
				CLANG_WARN_UNREACHABLE_CODE = YES;
				CLANG_WARN__DUPLICATE_METHOD_MATCH = YES;
				COPY_PHASE_STRIP = NO;
				DEBUG_INFORMATION_FORMAT = dwarf;
				ENABLE_STRICT_OBJC_MSGSEND = YES;
				ENABLE_TESTABILITY = YES;
				GCC_C_LANGUAGE_STANDARD = gnu11;
				GCC_DYNAMIC_NO_PIC = NO;
				GCC_NO_COMMON_BLOCKS = YES;
				GCC_OPTIMIZATION_LEVEL = 0;
				GCC_PREPROCESSOR_DEFINITIONS = (
					"DEBUG=1",
					"$(inherited)",
				);
				GCC_WARN_64_TO_32_BIT_CONVERSION = YES;
				GCC_WARN_ABOUT_RETURN_TYPE = YES_ERROR;
				GCC_WARN_UNDECLARED_SELECTOR = YES;
				GCC_WARN_UNINITIALIZED_AUTOS = YES_AGGRESSIVE;
				GCC_WARN_UNUSED_FUNCTION = YES;
				GCC_WARN_UNUSED_VARIABLE = YES;
				IPHONEOS_DEPLOYMENT_TARGET = 14.2;
				MTL_ENABLE_DEBUG_INFO = INCLUDE_SOURCE;
				MTL_FAST_MATH = YES;
				ONLY_ACTIVE_ARCH = YES;
				SDKROOT = iphoneos;
				SWIFT_ACTIVE_COMPILATION_CONDITIONS = DEBUG;
				SWIFT_OPTIMIZATION_LEVEL = "-Onone";
			};
			name = Debug;
		};
		61005AF725B80FF400D4784E /* Release */ = {
			isa = XCBuildConfiguration;
			buildSettings = {
				ALWAYS_SEARCH_USER_PATHS = NO;
				CLANG_ANALYZER_NONNULL = YES;
				CLANG_ANALYZER_NUMBER_OBJECT_CONVERSION = YES_AGGRESSIVE;
				CLANG_CXX_LANGUAGE_STANDARD = "gnu++14";
				CLANG_CXX_LIBRARY = "libc++";
				CLANG_ENABLE_MODULES = YES;
				CLANG_ENABLE_OBJC_ARC = YES;
				CLANG_ENABLE_OBJC_WEAK = YES;
				CLANG_WARN_BLOCK_CAPTURE_AUTORELEASING = YES;
				CLANG_WARN_BOOL_CONVERSION = YES;
				CLANG_WARN_COMMA = YES;
				CLANG_WARN_CONSTANT_CONVERSION = YES;
				CLANG_WARN_DEPRECATED_OBJC_IMPLEMENTATIONS = YES;
				CLANG_WARN_DIRECT_OBJC_ISA_USAGE = YES_ERROR;
				CLANG_WARN_DOCUMENTATION_COMMENTS = YES;
				CLANG_WARN_EMPTY_BODY = YES;
				CLANG_WARN_ENUM_CONVERSION = YES;
				CLANG_WARN_INFINITE_RECURSION = YES;
				CLANG_WARN_INT_CONVERSION = YES;
				CLANG_WARN_NON_LITERAL_NULL_CONVERSION = YES;
				CLANG_WARN_OBJC_IMPLICIT_RETAIN_SELF = YES;
				CLANG_WARN_OBJC_LITERAL_CONVERSION = YES;
				CLANG_WARN_OBJC_ROOT_CLASS = YES_ERROR;
				CLANG_WARN_QUOTED_INCLUDE_IN_FRAMEWORK_HEADER = YES;
				CLANG_WARN_RANGE_LOOP_ANALYSIS = YES;
				CLANG_WARN_STRICT_PROTOTYPES = YES;
				CLANG_WARN_SUSPICIOUS_MOVE = YES;
				CLANG_WARN_UNGUARDED_AVAILABILITY = YES_AGGRESSIVE;
				CLANG_WARN_UNREACHABLE_CODE = YES;
				CLANG_WARN__DUPLICATE_METHOD_MATCH = YES;
				COPY_PHASE_STRIP = NO;
				DEBUG_INFORMATION_FORMAT = "dwarf-with-dsym";
				ENABLE_NS_ASSERTIONS = NO;
				ENABLE_STRICT_OBJC_MSGSEND = YES;
				GCC_C_LANGUAGE_STANDARD = gnu11;
				GCC_NO_COMMON_BLOCKS = YES;
				GCC_WARN_64_TO_32_BIT_CONVERSION = YES;
				GCC_WARN_ABOUT_RETURN_TYPE = YES_ERROR;
				GCC_WARN_UNDECLARED_SELECTOR = YES;
				GCC_WARN_UNINITIALIZED_AUTOS = YES_AGGRESSIVE;
				GCC_WARN_UNUSED_FUNCTION = YES;
				GCC_WARN_UNUSED_VARIABLE = YES;
				IPHONEOS_DEPLOYMENT_TARGET = 14.2;
				MTL_ENABLE_DEBUG_INFO = NO;
				MTL_FAST_MATH = YES;
				SDKROOT = iphoneos;
				SWIFT_COMPILATION_MODE = wholemodule;
				SWIFT_OPTIMIZATION_LEVEL = "-O";
				VALIDATE_PRODUCT = YES;
			};
			name = Release;
		};
		61005AF925B80FF400D4784E /* Debug */ = {
			isa = XCBuildConfiguration;
			buildSettings = {
				ASSETCATALOG_COMPILER_APPICON_NAME = AppIcon;
				ASSETCATALOG_COMPILER_GLOBAL_ACCENT_COLOR_NAME = AccentColor;
				CODE_SIGN_STYLE = Automatic;
				DEVELOPMENT_TEAM = 8R8Q7G82LF;
				INFOPLIST_FILE = omdbMovieChallenge/Info.plist;
				LD_RUNPATH_SEARCH_PATHS = (
					"$(inherited)",
					"@executable_path/Frameworks",
				);
				PRODUCT_BUNDLE_IDENTIFIER = com.wipfli.omdbMovieChallenge;
				PRODUCT_NAME = "$(TARGET_NAME)";
				SWIFT_VERSION = 5.0;
				TARGETED_DEVICE_FAMILY = "1,2";
			};
			name = Debug;
		};
		61005AFA25B80FF400D4784E /* Release */ = {
			isa = XCBuildConfiguration;
			buildSettings = {
				ASSETCATALOG_COMPILER_APPICON_NAME = AppIcon;
				ASSETCATALOG_COMPILER_GLOBAL_ACCENT_COLOR_NAME = AccentColor;
				CODE_SIGN_STYLE = Automatic;
				DEVELOPMENT_TEAM = 8R8Q7G82LF;
				INFOPLIST_FILE = omdbMovieChallenge/Info.plist;
				LD_RUNPATH_SEARCH_PATHS = (
					"$(inherited)",
					"@executable_path/Frameworks",
				);
				PRODUCT_BUNDLE_IDENTIFIER = com.wipfli.omdbMovieChallenge;
				PRODUCT_NAME = "$(TARGET_NAME)";
				SWIFT_VERSION = 5.0;
				TARGETED_DEVICE_FAMILY = "1,2";
			};
			name = Release;
		};
		61005AFC25B80FF400D4784E /* Debug */ = {
			isa = XCBuildConfiguration;
			buildSettings = {
				ALWAYS_EMBED_SWIFT_STANDARD_LIBRARIES = YES;
				BUNDLE_LOADER = "$(TEST_HOST)";
				CODE_SIGN_STYLE = Automatic;
				DEVELOPMENT_TEAM = 8R8Q7G82LF;
				INFOPLIST_FILE = omdbMovieChallengeTests/Info.plist;
				IPHONEOS_DEPLOYMENT_TARGET = 14.2;
				LD_RUNPATH_SEARCH_PATHS = (
					"$(inherited)",
					"@executable_path/Frameworks",
					"@loader_path/Frameworks",
				);
				PRODUCT_BUNDLE_IDENTIFIER = com.wipfli.omdbMovieChallengeTests;
				PRODUCT_NAME = "$(TARGET_NAME)";
				SWIFT_VERSION = 5.0;
				TARGETED_DEVICE_FAMILY = "1,2";
				TEST_HOST = "$(BUILT_PRODUCTS_DIR)/omdbMovieChallenge.app/omdbMovieChallenge";
			};
			name = Debug;
		};
		61005AFD25B80FF400D4784E /* Release */ = {
			isa = XCBuildConfiguration;
			buildSettings = {
				ALWAYS_EMBED_SWIFT_STANDARD_LIBRARIES = YES;
				BUNDLE_LOADER = "$(TEST_HOST)";
				CODE_SIGN_STYLE = Automatic;
				DEVELOPMENT_TEAM = 8R8Q7G82LF;
				INFOPLIST_FILE = omdbMovieChallengeTests/Info.plist;
				IPHONEOS_DEPLOYMENT_TARGET = 14.2;
				LD_RUNPATH_SEARCH_PATHS = (
					"$(inherited)",
					"@executable_path/Frameworks",
					"@loader_path/Frameworks",
				);
				PRODUCT_BUNDLE_IDENTIFIER = com.wipfli.omdbMovieChallengeTests;
				PRODUCT_NAME = "$(TARGET_NAME)";
				SWIFT_VERSION = 5.0;
				TARGETED_DEVICE_FAMILY = "1,2";
				TEST_HOST = "$(BUILT_PRODUCTS_DIR)/omdbMovieChallenge.app/omdbMovieChallenge";
			};
			name = Release;
		};
		61005AFF25B80FF400D4784E /* Debug */ = {
			isa = XCBuildConfiguration;
			buildSettings = {
				ALWAYS_EMBED_SWIFT_STANDARD_LIBRARIES = YES;
				CODE_SIGN_STYLE = Automatic;
				DEVELOPMENT_TEAM = 8R8Q7G82LF;
				INFOPLIST_FILE = omdbMovieChallengeUITests/Info.plist;
				LD_RUNPATH_SEARCH_PATHS = (
					"$(inherited)",
					"@executable_path/Frameworks",
					"@loader_path/Frameworks",
				);
				PRODUCT_BUNDLE_IDENTIFIER = com.wipfli.omdbMovieChallengeUITests;
				PRODUCT_NAME = "$(TARGET_NAME)";
				SWIFT_VERSION = 5.0;
				TARGETED_DEVICE_FAMILY = "1,2";
				TEST_TARGET_NAME = omdbMovieChallenge;
			};
			name = Debug;
		};
		61005B0025B80FF400D4784E /* Release */ = {
			isa = XCBuildConfiguration;
			buildSettings = {
				ALWAYS_EMBED_SWIFT_STANDARD_LIBRARIES = YES;
				CODE_SIGN_STYLE = Automatic;
				DEVELOPMENT_TEAM = 8R8Q7G82LF;
				INFOPLIST_FILE = omdbMovieChallengeUITests/Info.plist;
				LD_RUNPATH_SEARCH_PATHS = (
					"$(inherited)",
					"@executable_path/Frameworks",
					"@loader_path/Frameworks",
				);
				PRODUCT_BUNDLE_IDENTIFIER = com.wipfli.omdbMovieChallengeUITests;
				PRODUCT_NAME = "$(TARGET_NAME)";
				SWIFT_VERSION = 5.0;
				TARGETED_DEVICE_FAMILY = "1,2";
				TEST_TARGET_NAME = omdbMovieChallenge;
			};
			name = Release;
		};
/* End XCBuildConfiguration section */

/* Begin XCConfigurationList section */
		61005AC925B80FF200D4784E /* Build configuration list for PBXProject "omdbMovieChallenge" */ = {
			isa = XCConfigurationList;
			buildConfigurations = (
				61005AF625B80FF400D4784E /* Debug */,
				61005AF725B80FF400D4784E /* Release */,
			);
			defaultConfigurationIsVisible = 0;
			defaultConfigurationName = Release;
		};
		61005AF825B80FF400D4784E /* Build configuration list for PBXNativeTarget "omdbMovieChallenge" */ = {
			isa = XCConfigurationList;
			buildConfigurations = (
				61005AF925B80FF400D4784E /* Debug */,
				61005AFA25B80FF400D4784E /* Release */,
			);
			defaultConfigurationIsVisible = 0;
			defaultConfigurationName = Release;
		};
		61005AFB25B80FF400D4784E /* Build configuration list for PBXNativeTarget "omdbMovieChallengeTests" */ = {
			isa = XCConfigurationList;
			buildConfigurations = (
				61005AFC25B80FF400D4784E /* Debug */,
				61005AFD25B80FF400D4784E /* Release */,
			);
			defaultConfigurationIsVisible = 0;
			defaultConfigurationName = Release;
		};
		61005AFE25B80FF400D4784E /* Build configuration list for PBXNativeTarget "omdbMovieChallengeUITests" */ = {
			isa = XCConfigurationList;
			buildConfigurations = (
				61005AFF25B80FF400D4784E /* Debug */,
				61005B0025B80FF400D4784E /* Release */,
			);
			defaultConfigurationIsVisible = 0;
			defaultConfigurationName = Release;
		};
/* End XCConfigurationList section */
	};
	rootObject = 61005AC625B80FF200D4784E /* Project object */;
}
